{
  "version": "4",
  "specifiers": {
    "jsr:@std/fmt@^1.0.5": "1.0.5",
    "jsr:@std/fs@^1.0.11": "1.0.11",
    "jsr:@std/io@~0.225.2": "0.225.2",
    "jsr:@std/log@~0.224.14": "0.224.14"
  },
  "jsr": {
    "@std/fmt@1.0.5": {
      "integrity": "0cfab43364bc36650d83c425cd6d99910fc20c4576631149f0f987eddede1a4d"
    },
    "@std/fs@1.0.11": {
      "integrity": "ba674672693340c5ebdd018b4fe1af46cb08741f42b4c538154e97d217b55bdd"
    },
    "@std/io@0.225.2": {
      "integrity": "3c740cd4ee4c082e6cfc86458f47e2ab7cb353dc6234d5e9b1f91a2de5f4d6c7"
    },
    "@std/log@0.224.14": {
      "integrity": "257f7adceee3b53bb2bc86c7242e7d1bc59729e57d4981c4a7e5b876c808f05e",
      "dependencies": [
        "jsr:@std/fmt",
        "jsr:@std/fs",
        "jsr:@std/io"
      ]
    }
  },
  "workspace": {
    "dependencies": [
      "jsr:@std/log@~0.224.14"
    ]
  }
}
